
Microsoft Visual Studio Solution File, Format Version 12.00
# Visual Studio 15
VisualStudioVersion = 15.0.28010.2019
MinimumVisualStudioVersion = 10.0.40219.1
Project("{FAE04EC0-301F-11D3-BF4B-00C04F79EFBC}") = "Arsh", "Arsh\Arsh.csproj", "{30478E90-4B84-4983-A161-B21B34F9DC2F}"
EndProject
Global
	GlobalSection(SolutionConfigurationPlatforms) = preSolution
		Debug|Any CPU = Debug|Any CPU
		Release|Any CPU = Release|Any CPU
	EndGlobalSection
	GlobalSection(ProjectConfigurationPlatforms) = postSolution
		{30478E90-4B84-4983-A161-B21B34F9DC2F}.Debug|Any CPU.ActiveCfg = Debug|Any CPU
		{30478E90-4B84-4983-A161-B21B34F9DC2F}.Debug|Any CPU.Build.0 = Debug|Any CPU
		{30478E90-4B84-4983-A161-B21B34F9DC2F}.Release|Any CPU.ActiveCfg = Release|Any CPU
		{30478E90-4B84-4983-A161-B21B34F9DC2F}.Release|Any CPU.Build.0 = Release|Any CPU
	EndGlobalSection
	GlobalSection(SolutionProperties) = preSolution
		HideSolutionNode = FALSE
	EndGlobalSection
	GlobalSection(ExtensibilityGlobals) = postSolution
		SolutionGuid = {3A5CF9E9-982E-4A0D-9F8D-24AAB8BBB4F0}
	EndGlobalSection
EndGlobal
